
Microsoft Visual Studio Solution File, Format Version 12.00
# Visual Studio 2015
Project("{FAE04EC0-301F-11D3-BF4B-00C04F79EFBC}") = "BobGo.CSharp", "BobGo.CSharp.csproj", "{DAE15B02-ED82-6483-BE63-ECC249ACEF5D}"
EndProject
Global
	GlobalSection(SolutionConfigurationPlatforms) = preSolution
		Debug|Any CPU = Debug|Any CPU
		Release|Any CPU = Release|Any CPU
	EndGlobalSection
	GlobalSection(ProjectConfigurationPlatforms) = postSolution
		{DAE15B02-ED82-6483-BE63-ECC249ACEF5D}.Debug|Any CPU.ActiveCfg = Debug|Any CPU
		{DAE15B02-ED82-6483-BE63-ECC249ACEF5D}.Debug|Any CPU.Build.0 = Debug|Any CPU
		{DAE15B02-ED82-6483-BE63-ECC249ACEF5D}.Release|Any CPU.ActiveCfg = Release|Any CPU
		{DAE15B02-ED82-6483-BE63-ECC249ACEF5D}.Release|Any CPU.Build.0 = Release|Any CPU
	EndGlobalSection
	GlobalSection(SolutionProperties) = preSolution
		HideSolutionNode = FALSE
	EndGlobalSection
EndGlobal
